PackratFormat: 1.4
PackratVersion: 0.4.9.3
RVersion: 3.5.1
Repos: CRAN=https://cloud.r-project.org

Package: bitops
Source: CRAN
Version: 1.0-6
Hash: 67d0775189fd0041d95abca618c5c07e

Package: bnstruct
Source: CRAN
Version: 1.0.6
Hash: 611d597890c0a75901e85fe1d8fa4299
Requires: bitops, igraph

Package: doParallel
Source: CRAN
Version: 1.0.15
Hash: 2d8e07c1201447e22a46552ed6664f08
Requires: foreach, iterators

Package: foreach
Source: CRAN
Version: 1.4.4
Hash: 4df5ab2c8c35382dacab75d414da6748
Requires: iterators

Package: igraph
Source: CRAN
Version: 1.2.5
Hash: 56cd6b00fa9864975f6678b4d1a46b50
Requires: magrittr, pkgconfig

Package: infotheo
Source: CRAN
Version: 1.2.0
Hash: 5dc4a70090dbdcbbaa1ba94cff4a3048

Package: iterators
Source: CRAN
Version: 1.0.10
Hash: 9f8af91e4a3487a282d7dea67513e519

Package: magrittr
Source: CRAN
Version: 1.5
Hash: bdc4d48c3135e8f3b399536ddf160df4

Package: minet
Source: Bioconductor
Version: 3.38.0
Hash: a795528aa5cb1b3703b46a43408994d2
Requires: infotheo

Package: packrat
Source: CRAN
Version: 0.4.9-3
Hash: 03fb817297975f1da0d1b774b47620b3

Package: pkgconfig
Source: CRAN
Version: 2.0.2
Hash: b0fd6ed908e150b77e5f00c6478bd58c

Package: rjson
Source: CRAN
Version: 0.2.20
Hash: 44ee331003bf03b92e97b3089461dd2f
